
Microsoft Visual Studio Solution File, Format Version 12.00
Project("{FAE04EC0-301F-11D3-BF4B-00C04F79EFBC}") = "ConsoleApplication1", "ConsoleApplication1\ConsoleApplication1.csproj", "{6506FB3D-2979-497A-BB50-65E2791F8BCB}"
EndProject
Global
	GlobalSection(SolutionConfigurationPlatforms) = preSolution
		Debug|Any CPU = Debug|Any CPU
		Release|Any CPU = Release|Any CPU
	EndGlobalSection
	GlobalSection(ProjectConfigurationPlatforms) = postSolution
		{6506FB3D-2979-497A-BB50-65E2791F8BCB}.Debug|Any CPU.ActiveCfg = Debug|Any CPU
		{6506FB3D-2979-497A-BB50-65E2791F8BCB}.Debug|Any CPU.Build.0 = Debug|Any CPU
		{6506FB3D-2979-497A-BB50-65E2791F8BCB}.Release|Any CPU.ActiveCfg = Release|Any CPU
		{6506FB3D-2979-497A-BB50-65E2791F8BCB}.Release|Any CPU.Build.0 = Release|Any CPU
	EndGlobalSection
EndGlobal
